
Microsoft Visual Studio Solution File, Format Version 12.00
# Visual Studio 15
VisualStudioVersion = 15.0.28307.1082
MinimumVisualStudioVersion = 10.0.40219.1
Project("{9A19103F-16F7-4668-BE54-9A1E7A4F7556}") = "FingerprintApi", "FingerprintApi\FingerprintApi.csproj", "{594A662E-7A44-4104-AF93-195C55690123}"
EndProject
Project("{9A19103F-16F7-4668-BE54-9A1E7A4F7556}") = "FingerprintCore", "FingerprintCore\FingerprintCore.csproj", "{FDC81CD6-9884-4245-A80E-828A2E2D9DF5}"
EndProject
Project("{9A19103F-16F7-4668-BE54-9A1E7A4F7556}") = "UnitTestProject", "UnitTestProject\UnitTestProject.csproj", "{892AE768-09B7-48F8-A864-728AB9EA4C78}"
EndProject
Global
	GlobalSection(SolutionConfigurationPlatforms) = preSolution
		Debug|Any CPU = Debug|Any CPU
		Release|Any CPU = Release|Any CPU
	EndGlobalSection
	GlobalSection(ProjectConfigurationPlatforms) = postSolution
		{594A662E-7A44-4104-AF93-195C55690123}.Debug|Any CPU.ActiveCfg = Debug|Any CPU
		{594A662E-7A44-4104-AF93-195C55690123}.Debug|Any CPU.Build.0 = Debug|Any CPU
		{594A662E-7A44-4104-AF93-195C55690123}.Release|Any CPU.ActiveCfg = Release|Any CPU
		{594A662E-7A44-4104-AF93-195C55690123}.Release|Any CPU.Build.0 = Release|Any CPU
		{FDC81CD6-9884-4245-A80E-828A2E2D9DF5}.Debug|Any CPU.ActiveCfg = Debug|Any CPU
		{FDC81CD6-9884-4245-A80E-828A2E2D9DF5}.Debug|Any CPU.Build.0 = Debug|Any CPU
		{FDC81CD6-9884-4245-A80E-828A2E2D9DF5}.Release|Any CPU.ActiveCfg = Release|Any CPU
		{FDC81CD6-9884-4245-A80E-828A2E2D9DF5}.Release|Any CPU.Build.0 = Release|Any CPU
		{892AE768-09B7-48F8-A864-728AB9EA4C78}.Debug|Any CPU.ActiveCfg = Debug|Any CPU
		{892AE768-09B7-48F8-A864-728AB9EA4C78}.Debug|Any CPU.Build.0 = Debug|Any CPU
		{892AE768-09B7-48F8-A864-728AB9EA4C78}.Release|Any CPU.ActiveCfg = Release|Any CPU
		{892AE768-09B7-48F8-A864-728AB9EA4C78}.Release|Any CPU.Build.0 = Release|Any CPU
	EndGlobalSection
	GlobalSection(SolutionProperties) = preSolution
		HideSolutionNode = FALSE
	EndGlobalSection
	GlobalSection(ExtensibilityGlobals) = postSolution
		SolutionGuid = {A06A3D7C-16B4-4421-B119-1CCE4EC4A640}
	EndGlobalSection
EndGlobal
